
Microsoft Visual Studio Solution File, Format Version 12.00
# Visual Studio Version 17
VisualStudioVersion = 17.1.32328.378
MinimumVisualStudioVersion = 10.0.40219.1
Project("{FAE04EC0-301F-11D3-BF4B-00C04F79EFBC}") = "HW1WebAPI", "HW1WebAPI\HW1WebAPI.csproj", "{0BCCC944-456C-4215-97FA-E014E066F8E9}"
EndProject
Global
	GlobalSection(SolutionConfigurationPlatforms) = preSolution
		Debug|Any CPU = Debug|Any CPU
		Release|Any CPU = Release|Any CPU
	EndGlobalSection
	GlobalSection(ProjectConfigurationPlatforms) = postSolution
		{0BCCC944-456C-4215-97FA-E014E066F8E9}.Debug|Any CPU.ActiveCfg = Debug|Any CPU
		{0BCCC944-456C-4215-97FA-E014E066F8E9}.Debug|Any CPU.Build.0 = Debug|Any CPU
		{0BCCC944-456C-4215-97FA-E014E066F8E9}.Release|Any CPU.ActiveCfg = Release|Any CPU
		{0BCCC944-456C-4215-97FA-E014E066F8E9}.Release|Any CPU.Build.0 = Release|Any CPU
	EndGlobalSection
	GlobalSection(SolutionProperties) = preSolution
		HideSolutionNode = FALSE
	EndGlobalSection
	GlobalSection(ExtensibilityGlobals) = postSolution
		SolutionGuid = {E328DB3F-784E-4443-A383-9A19D020CAC2}
	EndGlobalSection
EndGlobal
